hash: 5acc852ad92bdc1b5ba06127913007346196b00811592614e9c4402e0ea4fefa
updated: 2018-04-11T19:19:19.718203491+02:00
imports:
- name: github.com/evilsocket/opensnitch
  version: 431ae0a575615f413afe29959d9978dfcbb29b08
  subpackages:
  - proto
- name: github.com/fsnotify/fsnotify
  version: c2828203cd70a50dcccfb2761f8b1f8ceef9a8e9
- name: github.com/golang/protobuf
  version: 6a1fa9404c0aebf36c879bc50152edcc953910d2
  subpackages:
  - proto
  - ptypes
  - ptypes/any
  - ptypes/duration
  - ptypes/timestamp
- name: github.com/google/gopacket
  version: 11c65f1ca9081dfea43b4f9643f5c155583b73ba
  subpackages:
  - layers
- name: golang.org/x/net
  version: 1f9224279e98554b6a6432d4dd998a739f8b2b7c
  subpackages:
  - context
  - http2
  - http2/hpack
  - idna
  - internal/timeseries
  - lex/httplex
  - trace
- name: golang.org/x/sys
  version: abf9c25f54453410d0c6668e519582a9e1115027
  subpackages:
  - unix
- name: golang.org/x/text
  version: 7922cc490dd5a7dbaa7fd5d6196b49db59ac042f
  subpackages:
  - secure/bidirule
  - transform
  - unicode/bidi
  - unicode/norm
- name: google.golang.org/genproto
  version: 51d0944304c3cbce4afe9e5247e21100037bff78
  subpackages:
  - googleapis/rpc/status
- name: google.golang.org/grpc
  version: d11072e7ca9811b1100b80ca0269ac831f06d024
  subpackages:
  - balancer
  - balancer/base
  - balancer/roundrobin
  - codes
  - connectivity
  - credentials
  - encoding
  - encoding/proto
  - grpclb/grpc_lb_v1/messages
  - grpclog
  - internal
  - keepalive
  - metadata
  - naming
  - peer
  - resolver
  - resolver/dns
  - resolver/passthrough
  - stats
  - status
  - tap
  - transport
testImports: []
